
Microsoft Visual Studio Solution File, Format Version 12.00
# Visual Studio Version 16
VisualStudioVersion = 16.0.30717.126
MinimumVisualStudioVersion = 10.0.40219.1
Project("{2150E333-8FDC-42A3-9474-1A3956D46DE8}") = "ProjectY", "ProjectY", "{003D797D-3AA4-42D0-A3A6-B21221E7EDFD}"
EndProject
Project("{2150E333-8FDC-42A3-9474-1A3956D46DE8}") = "Application", "Application", "{57D395E7-42A4-46C8-BA19-61DF82A95A62}"
EndProject
Project("{2150E333-8FDC-42A3-9474-1A3956D46DE8}") = "Data", "Data", "{90B802C7-C693-4386-968C-A7FA1E09C686}"
EndProject
Project("{2150E333-8FDC-42A3-9474-1A3956D46DE8}") = "Web", "Web", "{C209E915-B69D-4A45-B3F1-DC7CAA186541}"
EndProject
Project("{9A19103F-16F7-4668-BE54-9A1E7A4F7556}") = "ProjectY.Web.Api", "ProjectY.Web.Api\ProjectY.Web.Api.csproj", "{6D1F44E5-AEBB-4A28-8721-09CAE363C17A}"
EndProject
Project("{9A19103F-16F7-4668-BE54-9A1E7A4F7556}") = "ProjectY.Data", "ProjectY.Data\ProjectY.Data.csproj", "{D8FC27C9-EEC3-4E85-8C04-BAA698BB04A9}"
EndProject
Project("{9A19103F-16F7-4668-BE54-9A1E7A4F7556}") = "ProjectY.Data.Entities", "ProjectY.Data.Entities\ProjectY.Data.Entities.csproj", "{77D16D48-12CD-4539-B643-A6D569770C33}"
EndProject
Project("{9A19103F-16F7-4668-BE54-9A1E7A4F7556}") = "ProjectY.Application.Core", "ProjectY.Application.Core\ProjectY.Application.Core.csproj", "{6200B272-9E57-4735-A28E-30AA522ABA41}"
EndProject
Project("{9A19103F-16F7-4668-BE54-9A1E7A4F7556}") = "ProjectY.Application.Logic", "ProjectY.Logic\ProjectY.Application.Logic.csproj", "{0E41408D-D93B-4B2D-BCCC-6283E76305E3}"
EndProject
Project("{2150E333-8FDC-42A3-9474-1A3956D46DE8}") = "Common", "Common", "{A4B1DD24-CF45-4E2D-866C-A8142A65A2F8}"
EndProject
Project("{9A19103F-16F7-4668-BE54-9A1E7A4F7556}") = "ProjectY.Contracts", "ProjectY.Contracts\ProjectY.Contracts.csproj", "{3B80CB8E-FF08-4ECE-8DC0-AF56C266E21B}"
EndProject
Global
	GlobalSection(SolutionConfigurationPlatforms) = preSolution
		Debug|Any CPU = Debug|Any CPU
		Release|Any CPU = Release|Any CPU
	EndGlobalSection
	GlobalSection(ProjectConfigurationPlatforms) = postSolution
		{6D1F44E5-AEBB-4A28-8721-09CAE363C17A}.Debug|Any CPU.ActiveCfg = Debug|Any CPU
		{6D1F44E5-AEBB-4A28-8721-09CAE363C17A}.Debug|Any CPU.Build.0 = Debug|Any CPU
		{6D1F44E5-AEBB-4A28-8721-09CAE363C17A}.Release|Any CPU.ActiveCfg = Release|Any CPU
		{6D1F44E5-AEBB-4A28-8721-09CAE363C17A}.Release|Any CPU.Build.0 = Release|Any CPU
		{D8FC27C9-EEC3-4E85-8C04-BAA698BB04A9}.Debug|Any CPU.ActiveCfg = Debug|Any CPU
		{D8FC27C9-EEC3-4E85-8C04-BAA698BB04A9}.Debug|Any CPU.Build.0 = Debug|Any CPU
		{D8FC27C9-EEC3-4E85-8C04-BAA698BB04A9}.Release|Any CPU.ActiveCfg = Release|Any CPU
		{D8FC27C9-EEC3-4E85-8C04-BAA698BB04A9}.Release|Any CPU.Build.0 = Release|Any CPU
		{77D16D48-12CD-4539-B643-A6D569770C33}.Debug|Any CPU.ActiveCfg = Debug|Any CPU
		{77D16D48-12CD-4539-B643-A6D569770C33}.Debug|Any CPU.Build.0 = Debug|Any CPU
		{77D16D48-12CD-4539-B643-A6D569770C33}.Release|Any CPU.ActiveCfg = Release|Any CPU
		{77D16D48-12CD-4539-B643-A6D569770C33}.Release|Any CPU.Build.0 = Release|Any CPU
		{6200B272-9E57-4735-A28E-30AA522ABA41}.Debug|Any CPU.ActiveCfg = Debug|Any CPU
		{6200B272-9E57-4735-A28E-30AA522ABA41}.Debug|Any CPU.Build.0 = Debug|Any CPU
		{6200B272-9E57-4735-A28E-30AA522ABA41}.Release|Any CPU.ActiveCfg = Release|Any CPU
		{6200B272-9E57-4735-A28E-30AA522ABA41}.Release|Any CPU.Build.0 = Release|Any CPU
		{0E41408D-D93B-4B2D-BCCC-6283E76305E3}.Debug|Any CPU.ActiveCfg = Debug|Any CPU
		{0E41408D-D93B-4B2D-BCCC-6283E76305E3}.Debug|Any CPU.Build.0 = Debug|Any CPU
		{0E41408D-D93B-4B2D-BCCC-6283E76305E3}.Release|Any CPU.ActiveCfg = Release|Any CPU
		{0E41408D-D93B-4B2D-BCCC-6283E76305E3}.Release|Any CPU.Build.0 = Release|Any CPU
		{3B80CB8E-FF08-4ECE-8DC0-AF56C266E21B}.Debug|Any CPU.ActiveCfg = Debug|Any CPU
		{3B80CB8E-FF08-4ECE-8DC0-AF56C266E21B}.Debug|Any CPU.Build.0 = Debug|Any CPU
		{3B80CB8E-FF08-4ECE-8DC0-AF56C266E21B}.Release|Any CPU.ActiveCfg = Release|Any CPU
		{3B80CB8E-FF08-4ECE-8DC0-AF56C266E21B}.Release|Any CPU.Build.0 = Release|Any CPU
	EndGlobalSection
	GlobalSection(SolutionProperties) = preSolution
		HideSolutionNode = FALSE
	EndGlobalSection
	GlobalSection(NestedProjects) = preSolution
		{57D395E7-42A4-46C8-BA19-61DF82A95A62} = {003D797D-3AA4-42D0-A3A6-B21221E7EDFD}
		{90B802C7-C693-4386-968C-A7FA1E09C686} = {003D797D-3AA4-42D0-A3A6-B21221E7EDFD}
		{C209E915-B69D-4A45-B3F1-DC7CAA186541} = {003D797D-3AA4-42D0-A3A6-B21221E7EDFD}
		{6D1F44E5-AEBB-4A28-8721-09CAE363C17A} = {C209E915-B69D-4A45-B3F1-DC7CAA186541}
		{D8FC27C9-EEC3-4E85-8C04-BAA698BB04A9} = {90B802C7-C693-4386-968C-A7FA1E09C686}
		{77D16D48-12CD-4539-B643-A6D569770C33} = {90B802C7-C693-4386-968C-A7FA1E09C686}
		{6200B272-9E57-4735-A28E-30AA522ABA41} = {57D395E7-42A4-46C8-BA19-61DF82A95A62}
		{0E41408D-D93B-4B2D-BCCC-6283E76305E3} = {57D395E7-42A4-46C8-BA19-61DF82A95A62}
		{A4B1DD24-CF45-4E2D-866C-A8142A65A2F8} = {003D797D-3AA4-42D0-A3A6-B21221E7EDFD}
		{3B80CB8E-FF08-4ECE-8DC0-AF56C266E21B} = {A4B1DD24-CF45-4E2D-866C-A8142A65A2F8}
	EndGlobalSection
	GlobalSection(ExtensibilityGlobals) = postSolution
		SolutionGuid = {5ADAF21B-8ABE-480D-A237-BEF8ECCB8667}
	EndGlobalSection
EndGlobal
