
Microsoft Visual Studio Solution File, Format Version 12.00
# Visual Studio Version 16
VisualStudioVersion = 16.0.30717.126
MinimumVisualStudioVersion = 10.0.40219.1
Project("{2150E333-8FDC-42A3-9474-1A3956D46DE8}") = "Shared", "Shared", "{DD11663B-B96A-406C-BBD0-F8CF7E3E513D}"
EndProject
Project("{9A19103F-16F7-4668-BE54-9A1E7A4F7556}") = "ProjectY.Shared.Contracts", "ProjectY.Contracts\ProjectY.Shared.Contracts.csproj", "{5CF791EF-5AE7-47B8-86F3-A13D6F98D82F}"
EndProject
Project("{2150E333-8FDC-42A3-9474-1A3956D46DE8}") = "Frontend", "Frontend", "{F99A8E6A-9B08-460A-A6B1-F5A5B1212A47}"
EndProject
Project("{9A19103F-16F7-4668-BE54-9A1E7A4F7556}") = "ProjectY.Frontend", "ProjectY.Frontend\ProjectY.Frontend.csproj", "{873B61DF-3D48-4FFA-8507-51EADB4A9556}"
EndProject
Project("{2150E333-8FDC-42A3-9474-1A3956D46DE8}") = "Backend", "Backend", "{A03324FE-7D1E-4BBF-B508-3C8622642439}"
EndProject
Project("{2150E333-8FDC-42A3-9474-1A3956D46DE8}") = "Web", "Web", "{872927F0-2440-4436-93AB-61CC1A15DF32}"
EndProject
Project("{9A19103F-16F7-4668-BE54-9A1E7A4F7556}") = "ProjectY.Backend.Web.Api", "ProjectY.Web.Api\ProjectY.Backend.Web.Api.csproj", "{3036BA4A-2F5A-400F-9E4F-409AF3AA60DA}"
EndProject
Project("{2150E333-8FDC-42A3-9474-1A3956D46DE8}") = "Application", "Application", "{2E487102-0F42-4A12-9A65-73975D0E2101}"
EndProject
Project("{9A19103F-16F7-4668-BE54-9A1E7A4F7556}") = "ProjectY.Backend.Application.Core", "ProjectY.Application.Core\ProjectY.Backend.Application.Core.csproj", "{495542D5-612F-462A-913C-142B113542D6}"
EndProject
Project("{2150E333-8FDC-42A3-9474-1A3956D46DE8}") = "Data", "Data", "{687AEECC-40F3-47D1-A855-9E8468104156}"
EndProject
Project("{9A19103F-16F7-4668-BE54-9A1E7A4F7556}") = "ProjectY.Backend.Data", "ProjectY.Data\ProjectY.Backend.Data.csproj", "{F5AEEDBB-102B-442D-8E14-5D712C4B8C90}"
EndProject
Project("{9A19103F-16F7-4668-BE54-9A1E7A4F7556}") = "ProjectY.Backend.Data.Entities", "ProjectY.Data.Entities\ProjectY.Backend.Data.Entities.csproj", "{B97C0059-12CD-435F-859D-5C0AD767DBE4}"
EndProject
Project("{9A19103F-16F7-4668-BE54-9A1E7A4F7556}") = "ProjectY.Backend.Application.Logic", "ProjectY.Logic\ProjectY.Backend.Application.Logic.csproj", "{CD75C5EF-2622-4FAE-AAB9-FB141A9F66F8}"
EndProject
Project("{2150E333-8FDC-42A3-9474-1A3956D46DE8}") = "Tests", "Tests", "{AA510280-421B-480A-9BE9-1A472C548A7E}"
EndProject
Project("{9A19103F-16F7-4668-BE54-9A1E7A4F7556}") = "UnitTests", "UnitTests\UnitTests.csproj", "{2EA636B4-A1B3-4525-BF4A-02890B3E7AA2}"
EndProject
Project("{2150E333-8FDC-42A3-9474-1A3956D46DE8}") = "Solution Items", "Solution Items", "{76C6BB8E-862E-4FB7-B559-AE7D106A2C7A}"
	ProjectSection(SolutionItems) = preProject
		.editorconfig = .editorconfig
	EndProjectSection
EndProject
Global
	GlobalSection(SolutionConfigurationPlatforms) = preSolution
		Debug|Any CPU = Debug|Any CPU
		Release|Any CPU = Release|Any CPU
	EndGlobalSection
	GlobalSection(ProjectConfigurationPlatforms) = postSolution
		{5CF791EF-5AE7-47B8-86F3-A13D6F98D82F}.Debug|Any CPU.ActiveCfg = Debug|Any CPU
		{5CF791EF-5AE7-47B8-86F3-A13D6F98D82F}.Debug|Any CPU.Build.0 = Debug|Any CPU
		{5CF791EF-5AE7-47B8-86F3-A13D6F98D82F}.Release|Any CPU.ActiveCfg = Release|Any CPU
		{5CF791EF-5AE7-47B8-86F3-A13D6F98D82F}.Release|Any CPU.Build.0 = Release|Any CPU
		{873B61DF-3D48-4FFA-8507-51EADB4A9556}.Debug|Any CPU.ActiveCfg = Debug|Any CPU
		{873B61DF-3D48-4FFA-8507-51EADB4A9556}.Debug|Any CPU.Build.0 = Debug|Any CPU
		{873B61DF-3D48-4FFA-8507-51EADB4A9556}.Release|Any CPU.ActiveCfg = Release|Any CPU
		{873B61DF-3D48-4FFA-8507-51EADB4A9556}.Release|Any CPU.Build.0 = Release|Any CPU
		{3036BA4A-2F5A-400F-9E4F-409AF3AA60DA}.Debug|Any CPU.ActiveCfg = Debug|Any CPU
		{3036BA4A-2F5A-400F-9E4F-409AF3AA60DA}.Debug|Any CPU.Build.0 = Debug|Any CPU
		{3036BA4A-2F5A-400F-9E4F-409AF3AA60DA}.Release|Any CPU.ActiveCfg = Release|Any CPU
		{3036BA4A-2F5A-400F-9E4F-409AF3AA60DA}.Release|Any CPU.Build.0 = Release|Any CPU
		{495542D5-612F-462A-913C-142B113542D6}.Debug|Any CPU.ActiveCfg = Debug|Any CPU
		{495542D5-612F-462A-913C-142B113542D6}.Debug|Any CPU.Build.0 = Debug|Any CPU
		{495542D5-612F-462A-913C-142B113542D6}.Release|Any CPU.ActiveCfg = Release|Any CPU
		{495542D5-612F-462A-913C-142B113542D6}.Release|Any CPU.Build.0 = Release|Any CPU
		{F5AEEDBB-102B-442D-8E14-5D712C4B8C90}.Debug|Any CPU.ActiveCfg = Debug|Any CPU
		{F5AEEDBB-102B-442D-8E14-5D712C4B8C90}.Debug|Any CPU.Build.0 = Debug|Any CPU
		{F5AEEDBB-102B-442D-8E14-5D712C4B8C90}.Release|Any CPU.ActiveCfg = Release|Any CPU
		{F5AEEDBB-102B-442D-8E14-5D712C4B8C90}.Release|Any CPU.Build.0 = Release|Any CPU
		{B97C0059-12CD-435F-859D-5C0AD767DBE4}.Debug|Any CPU.ActiveCfg = Debug|Any CPU
		{B97C0059-12CD-435F-859D-5C0AD767DBE4}.Debug|Any CPU.Build.0 = Debug|Any CPU
		{B97C0059-12CD-435F-859D-5C0AD767DBE4}.Release|Any CPU.ActiveCfg = Release|Any CPU
		{B97C0059-12CD-435F-859D-5C0AD767DBE4}.Release|Any CPU.Build.0 = Release|Any CPU
		{CD75C5EF-2622-4FAE-AAB9-FB141A9F66F8}.Debug|Any CPU.ActiveCfg = Debug|Any CPU
		{CD75C5EF-2622-4FAE-AAB9-FB141A9F66F8}.Debug|Any CPU.Build.0 = Debug|Any CPU
		{CD75C5EF-2622-4FAE-AAB9-FB141A9F66F8}.Release|Any CPU.ActiveCfg = Release|Any CPU
		{CD75C5EF-2622-4FAE-AAB9-FB141A9F66F8}.Release|Any CPU.Build.0 = Release|Any CPU
		{2EA636B4-A1B3-4525-BF4A-02890B3E7AA2}.Debug|Any CPU.ActiveCfg = Debug|Any CPU
		{2EA636B4-A1B3-4525-BF4A-02890B3E7AA2}.Debug|Any CPU.Build.0 = Debug|Any CPU
		{2EA636B4-A1B3-4525-BF4A-02890B3E7AA2}.Release|Any CPU.ActiveCfg = Release|Any CPU
		{2EA636B4-A1B3-4525-BF4A-02890B3E7AA2}.Release|Any CPU.Build.0 = Release|Any CPU
	EndGlobalSection
	GlobalSection(SolutionProperties) = preSolution
		HideSolutionNode = FALSE
	EndGlobalSection
	GlobalSection(NestedProjects) = preSolution
		{5CF791EF-5AE7-47B8-86F3-A13D6F98D82F} = {DD11663B-B96A-406C-BBD0-F8CF7E3E513D}
		{873B61DF-3D48-4FFA-8507-51EADB4A9556} = {F99A8E6A-9B08-460A-A6B1-F5A5B1212A47}
		{872927F0-2440-4436-93AB-61CC1A15DF32} = {A03324FE-7D1E-4BBF-B508-3C8622642439}
		{3036BA4A-2F5A-400F-9E4F-409AF3AA60DA} = {872927F0-2440-4436-93AB-61CC1A15DF32}
		{2E487102-0F42-4A12-9A65-73975D0E2101} = {A03324FE-7D1E-4BBF-B508-3C8622642439}
		{495542D5-612F-462A-913C-142B113542D6} = {2E487102-0F42-4A12-9A65-73975D0E2101}
		{687AEECC-40F3-47D1-A855-9E8468104156} = {A03324FE-7D1E-4BBF-B508-3C8622642439}
		{F5AEEDBB-102B-442D-8E14-5D712C4B8C90} = {687AEECC-40F3-47D1-A855-9E8468104156}
		{B97C0059-12CD-435F-859D-5C0AD767DBE4} = {687AEECC-40F3-47D1-A855-9E8468104156}
		{CD75C5EF-2622-4FAE-AAB9-FB141A9F66F8} = {2E487102-0F42-4A12-9A65-73975D0E2101}
		{AA510280-421B-480A-9BE9-1A472C548A7E} = {F99A8E6A-9B08-460A-A6B1-F5A5B1212A47}
		{2EA636B4-A1B3-4525-BF4A-02890B3E7AA2} = {AA510280-421B-480A-9BE9-1A472C548A7E}
	EndGlobalSection
	GlobalSection(ExtensibilityGlobals) = postSolution
		SolutionGuid = {5ADAF21B-8ABE-480D-A237-BEF8ECCB8667}
	EndGlobalSection
EndGlobal
