
Microsoft Visual Studio Solution File, Format Version 12.00
# Visual Studio Version 16
VisualStudioVersion = 16.0.30717.126
MinimumVisualStudioVersion = 10.0.40219.1
Project("{2150E333-8FDC-42A3-9474-1A3956D46DE8}") = "Shared", "Shared", "{DD11663B-B96A-406C-BBD0-F8CF7E3E513D}"
EndProject
Project("{2150E333-8FDC-42A3-9474-1A3956D46DE8}") = "Frontend", "Frontend", "{F99A8E6A-9B08-460A-A6B1-F5A5B1212A47}"
EndProject
Project("{9A19103F-16F7-4668-BE54-9A1E7A4F7556}") = "ProjectY.Frontend", "ProjectY.Frontend\ProjectY.Frontend.csproj", "{873B61DF-3D48-4FFA-8507-51EADB4A9556}"
EndProject
Project("{2150E333-8FDC-42A3-9474-1A3956D46DE8}") = "Backend", "Backend", "{A03324FE-7D1E-4BBF-B508-3C8622642439}"
EndProject
Project("{2150E333-8FDC-42A3-9474-1A3956D46DE8}") = "Web", "Web", "{872927F0-2440-4436-93AB-61CC1A15DF32}"
EndProject
Project("{2150E333-8FDC-42A3-9474-1A3956D46DE8}") = "Application", "Application", "{2E487102-0F42-4A12-9A65-73975D0E2101}"
EndProject
Project("{2150E333-8FDC-42A3-9474-1A3956D46DE8}") = "Data", "Data", "{687AEECC-40F3-47D1-A855-9E8468104156}"
EndProject
Project("{2150E333-8FDC-42A3-9474-1A3956D46DE8}") = "Tests", "Tests", "{AA510280-421B-480A-9BE9-1A472C548A7E}"
EndProject
Project("{2150E333-8FDC-42A3-9474-1A3956D46DE8}") = "Solution Items", "Solution Items", "{76C6BB8E-862E-4FB7-B559-AE7D106A2C7A}"
	ProjectSection(SolutionItems) = preProject
		.editorconfig = .editorconfig
		run_backend.bat = run_backend.bat
		run_frontend_server_side.bat = run_frontend_server_side.bat
		run_frontend_webassembly.bat = run_frontend_webassembly.bat
	EndProjectSection
EndProject
Project("{9A19103F-16F7-4668-BE54-9A1E7A4F7556}") = "ProjectY.Shared.Contracts", "ProjectY.Shared.Contracts\ProjectY.Shared.Contracts.csproj", "{80C562D9-80E0-4A34-ACB2-2D3947447CBF}"
EndProject
Project("{9A19103F-16F7-4668-BE54-9A1E7A4F7556}") = "ProjectY.Backend.Web.Api", "ProjectY.Backend.Web.Api\ProjectY.Backend.Web.Api.csproj", "{8FB4D169-52AB-41EC-BB91-8DF329A39BBE}"
EndProject
Project("{9A19103F-16F7-4668-BE54-9A1E7A4F7556}") = "ProjectY.Backend.Data", "ProjectY.Backend.Data\ProjectY.Backend.Data.csproj", "{03E102CC-2668-4186-AE8E-6C71F1D7643B}"
EndProject
Project("{9A19103F-16F7-4668-BE54-9A1E7A4F7556}") = "ProjectY.Backend.Data.Entities", "ProjectY.Backend.Data.Entities\ProjectY.Backend.Data.Entities.csproj", "{3B9C56EE-4673-4EFA-8280-16ABD4BC168C}"
EndProject
Project("{9A19103F-16F7-4668-BE54-9A1E7A4F7556}") = "ProjectY.Backend.Application.Core", "ProjectY.Backend.Application.Core\ProjectY.Backend.Application.Core.csproj", "{87C40391-CCD0-4F8C-BF04-B1D6A0F16342}"
EndProject
Project("{9A19103F-16F7-4668-BE54-9A1E7A4F7556}") = "ProjectY.Backend.Application.Logic", "ProjectY.Backend.Application.Logic\ProjectY.Backend.Application.Logic.csproj", "{AB1F46DB-E1DD-4F12-96C7-4797252C9A86}"
EndProject
Project("{2150E333-8FDC-42A3-9474-1A3956D46DE8}") = "Tests", "Tests", "{864AFC6F-E33A-4668-BDEF-F79A0CA10DD2}"
EndProject
Project("{9A19103F-16F7-4668-BE54-9A1E7A4F7556}") = "ProjectY.Backend.Tests.UnitTests", "ProjectY.Backend.Tests.UnitTests\ProjectY.Backend.Tests.UnitTests.csproj", "{494A706C-1D8C-4F0F-9544-F46F5F669F32}"
EndProject
Project("{9A19103F-16F7-4668-BE54-9A1E7A4F7556}") = "ProjectY.Backend.Tests.IntegrationTests", "ProjectY.Backend.Tests.IntegrationTests\ProjectY.Backend.Tests.IntegrationTests.csproj", "{ACE5686B-166E-4513-AC73-4D781CB5F49B}"
EndProject
Project("{9A19103F-16F7-4668-BE54-9A1E7A4F7556}") = "ProjectY.Frontend.Application", "ProjectY.Frontend.Application\ProjectY.Frontend.Application.csproj", "{379CE214-3D0D-41B3-BCE8-B17250E32F0A}"
EndProject
Project("{9A19103F-16F7-4668-BE54-9A1E7A4F7556}") = "ProjectY.Frontend.Core", "ProjectY.Frontend.Core\ProjectY.Frontend.Core.csproj", "{08FD64A8-7175-4710-A140-6CD9CE60D262}"
EndProject
Project("{9A19103F-16F7-4668-BE54-9A1E7A4F7556}") = "ProjectY.Frontend.ServerSide", "ProjectY.Frontend.ServerSide\ProjectY.Frontend.ServerSide.csproj", "{C844E80A-7A4F-4CC2-8270-312091E14457}"
EndProject
Project("{9A19103F-16F7-4668-BE54-9A1E7A4F7556}") = "ProjectY.Backend.Application.Models", "ProjectY.Backend.Application.Models\ProjectY.Backend.Application.Models.csproj", "{9BED975A-C9EC-4A82-8711-0FA20BD1AE66}"
EndProject
Project("{FAE04EC0-301F-11D3-BF4B-00C04F79EFBC}") = "ProjectY.Backend.Application.AmazonS3", "ProjectY.Backend.Application.AmazonS3\ProjectY.Backend.Application.AmazonS3.csproj", "{81E3734F-0B51-481F-91AA-4736CAAF4418}"
EndProject
Project("{2150E333-8FDC-42A3-9474-1A3956D46DE8}") = "Shared", "Shared", "{9411E855-A7FD-48F5-8ABD-B5B705E9CE31}"
EndProject
Project("{FAE04EC0-301F-11D3-BF4B-00C04F79EFBC}") = "ProjectY.Backend.Shared", "ProjectY.Backend.Shared\ProjectY.Backend.Shared.csproj", "{BC192885-043F-411B-8C34-21AB2E1875EE}"
EndProject
Global
	GlobalSection(SolutionConfigurationPlatforms) = preSolution
		Debug|Any CPU = Debug|Any CPU
		Release|Any CPU = Release|Any CPU
	EndGlobalSection
	GlobalSection(ProjectConfigurationPlatforms) = postSolution
		{873B61DF-3D48-4FFA-8507-51EADB4A9556}.Debug|Any CPU.ActiveCfg = Debug|Any CPU
		{873B61DF-3D48-4FFA-8507-51EADB4A9556}.Debug|Any CPU.Build.0 = Debug|Any CPU
		{873B61DF-3D48-4FFA-8507-51EADB4A9556}.Release|Any CPU.ActiveCfg = Release|Any CPU
		{873B61DF-3D48-4FFA-8507-51EADB4A9556}.Release|Any CPU.Build.0 = Release|Any CPU
		{80C562D9-80E0-4A34-ACB2-2D3947447CBF}.Debug|Any CPU.ActiveCfg = Debug|Any CPU
		{80C562D9-80E0-4A34-ACB2-2D3947447CBF}.Debug|Any CPU.Build.0 = Debug|Any CPU
		{80C562D9-80E0-4A34-ACB2-2D3947447CBF}.Release|Any CPU.ActiveCfg = Release|Any CPU
		{80C562D9-80E0-4A34-ACB2-2D3947447CBF}.Release|Any CPU.Build.0 = Release|Any CPU
		{8FB4D169-52AB-41EC-BB91-8DF329A39BBE}.Debug|Any CPU.ActiveCfg = Debug|Any CPU
		{8FB4D169-52AB-41EC-BB91-8DF329A39BBE}.Debug|Any CPU.Build.0 = Debug|Any CPU
		{8FB4D169-52AB-41EC-BB91-8DF329A39BBE}.Release|Any CPU.ActiveCfg = Release|Any CPU
		{8FB4D169-52AB-41EC-BB91-8DF329A39BBE}.Release|Any CPU.Build.0 = Release|Any CPU
		{03E102CC-2668-4186-AE8E-6C71F1D7643B}.Debug|Any CPU.ActiveCfg = Debug|Any CPU
		{03E102CC-2668-4186-AE8E-6C71F1D7643B}.Debug|Any CPU.Build.0 = Debug|Any CPU
		{03E102CC-2668-4186-AE8E-6C71F1D7643B}.Release|Any CPU.ActiveCfg = Release|Any CPU
		{03E102CC-2668-4186-AE8E-6C71F1D7643B}.Release|Any CPU.Build.0 = Release|Any CPU
		{3B9C56EE-4673-4EFA-8280-16ABD4BC168C}.Debug|Any CPU.ActiveCfg = Debug|Any CPU
		{3B9C56EE-4673-4EFA-8280-16ABD4BC168C}.Debug|Any CPU.Build.0 = Debug|Any CPU
		{3B9C56EE-4673-4EFA-8280-16ABD4BC168C}.Release|Any CPU.ActiveCfg = Release|Any CPU
		{3B9C56EE-4673-4EFA-8280-16ABD4BC168C}.Release|Any CPU.Build.0 = Release|Any CPU
		{87C40391-CCD0-4F8C-BF04-B1D6A0F16342}.Debug|Any CPU.ActiveCfg = Debug|Any CPU
		{87C40391-CCD0-4F8C-BF04-B1D6A0F16342}.Debug|Any CPU.Build.0 = Debug|Any CPU
		{87C40391-CCD0-4F8C-BF04-B1D6A0F16342}.Release|Any CPU.ActiveCfg = Release|Any CPU
		{87C40391-CCD0-4F8C-BF04-B1D6A0F16342}.Release|Any CPU.Build.0 = Release|Any CPU
		{AB1F46DB-E1DD-4F12-96C7-4797252C9A86}.Debug|Any CPU.ActiveCfg = Debug|Any CPU
		{AB1F46DB-E1DD-4F12-96C7-4797252C9A86}.Debug|Any CPU.Build.0 = Debug|Any CPU
		{AB1F46DB-E1DD-4F12-96C7-4797252C9A86}.Release|Any CPU.ActiveCfg = Release|Any CPU
		{AB1F46DB-E1DD-4F12-96C7-4797252C9A86}.Release|Any CPU.Build.0 = Release|Any CPU
		{494A706C-1D8C-4F0F-9544-F46F5F669F32}.Debug|Any CPU.ActiveCfg = Debug|Any CPU
		{494A706C-1D8C-4F0F-9544-F46F5F669F32}.Debug|Any CPU.Build.0 = Debug|Any CPU
		{494A706C-1D8C-4F0F-9544-F46F5F669F32}.Release|Any CPU.ActiveCfg = Release|Any CPU
		{494A706C-1D8C-4F0F-9544-F46F5F669F32}.Release|Any CPU.Build.0 = Release|Any CPU
		{ACE5686B-166E-4513-AC73-4D781CB5F49B}.Debug|Any CPU.ActiveCfg = Debug|Any CPU
		{ACE5686B-166E-4513-AC73-4D781CB5F49B}.Debug|Any CPU.Build.0 = Debug|Any CPU
		{ACE5686B-166E-4513-AC73-4D781CB5F49B}.Release|Any CPU.ActiveCfg = Release|Any CPU
		{ACE5686B-166E-4513-AC73-4D781CB5F49B}.Release|Any CPU.Build.0 = Release|Any CPU
		{379CE214-3D0D-41B3-BCE8-B17250E32F0A}.Debug|Any CPU.ActiveCfg = Debug|Any CPU
		{379CE214-3D0D-41B3-BCE8-B17250E32F0A}.Debug|Any CPU.Build.0 = Debug|Any CPU
		{379CE214-3D0D-41B3-BCE8-B17250E32F0A}.Release|Any CPU.ActiveCfg = Release|Any CPU
		{379CE214-3D0D-41B3-BCE8-B17250E32F0A}.Release|Any CPU.Build.0 = Release|Any CPU
		{08FD64A8-7175-4710-A140-6CD9CE60D262}.Debug|Any CPU.ActiveCfg = Debug|Any CPU
		{08FD64A8-7175-4710-A140-6CD9CE60D262}.Debug|Any CPU.Build.0 = Debug|Any CPU
		{08FD64A8-7175-4710-A140-6CD9CE60D262}.Release|Any CPU.ActiveCfg = Release|Any CPU
		{08FD64A8-7175-4710-A140-6CD9CE60D262}.Release|Any CPU.Build.0 = Release|Any CPU
		{C844E80A-7A4F-4CC2-8270-312091E14457}.Debug|Any CPU.ActiveCfg = Debug|Any CPU
		{C844E80A-7A4F-4CC2-8270-312091E14457}.Debug|Any CPU.Build.0 = Debug|Any CPU
		{C844E80A-7A4F-4CC2-8270-312091E14457}.Release|Any CPU.ActiveCfg = Release|Any CPU
		{C844E80A-7A4F-4CC2-8270-312091E14457}.Release|Any CPU.Build.0 = Release|Any CPU
		{9BED975A-C9EC-4A82-8711-0FA20BD1AE66}.Debug|Any CPU.ActiveCfg = Debug|Any CPU
		{9BED975A-C9EC-4A82-8711-0FA20BD1AE66}.Debug|Any CPU.Build.0 = Debug|Any CPU
		{9BED975A-C9EC-4A82-8711-0FA20BD1AE66}.Release|Any CPU.ActiveCfg = Release|Any CPU
		{9BED975A-C9EC-4A82-8711-0FA20BD1AE66}.Release|Any CPU.Build.0 = Release|Any CPU
		{81E3734F-0B51-481F-91AA-4736CAAF4418}.Debug|Any CPU.ActiveCfg = Debug|Any CPU
		{81E3734F-0B51-481F-91AA-4736CAAF4418}.Debug|Any CPU.Build.0 = Debug|Any CPU
		{81E3734F-0B51-481F-91AA-4736CAAF4418}.Release|Any CPU.ActiveCfg = Release|Any CPU
		{81E3734F-0B51-481F-91AA-4736CAAF4418}.Release|Any CPU.Build.0 = Release|Any CPU
		{2D6CEA77-F47C-474F-AB1C-7099000EB16B}.Debug|Any CPU.ActiveCfg = Debug|Any CPU
		{2D6CEA77-F47C-474F-AB1C-7099000EB16B}.Debug|Any CPU.Build.0 = Debug|Any CPU
		{2D6CEA77-F47C-474F-AB1C-7099000EB16B}.Release|Any CPU.ActiveCfg = Release|Any CPU
		{2D6CEA77-F47C-474F-AB1C-7099000EB16B}.Release|Any CPU.Build.0 = Release|Any CPU
		{BC192885-043F-411B-8C34-21AB2E1875EE}.Debug|Any CPU.ActiveCfg = Debug|Any CPU
		{BC192885-043F-411B-8C34-21AB2E1875EE}.Debug|Any CPU.Build.0 = Debug|Any CPU
		{BC192885-043F-411B-8C34-21AB2E1875EE}.Release|Any CPU.ActiveCfg = Release|Any CPU
		{BC192885-043F-411B-8C34-21AB2E1875EE}.Release|Any CPU.Build.0 = Release|Any CPU
	EndGlobalSection
	GlobalSection(SolutionProperties) = preSolution
		HideSolutionNode = FALSE
	EndGlobalSection
	GlobalSection(NestedProjects) = preSolution
		{873B61DF-3D48-4FFA-8507-51EADB4A9556} = {F99A8E6A-9B08-460A-A6B1-F5A5B1212A47}
		{872927F0-2440-4436-93AB-61CC1A15DF32} = {A03324FE-7D1E-4BBF-B508-3C8622642439}
		{2E487102-0F42-4A12-9A65-73975D0E2101} = {A03324FE-7D1E-4BBF-B508-3C8622642439}
		{687AEECC-40F3-47D1-A855-9E8468104156} = {A03324FE-7D1E-4BBF-B508-3C8622642439}
		{AA510280-421B-480A-9BE9-1A472C548A7E} = {F99A8E6A-9B08-460A-A6B1-F5A5B1212A47}
		{80C562D9-80E0-4A34-ACB2-2D3947447CBF} = {DD11663B-B96A-406C-BBD0-F8CF7E3E513D}
		{03E102CC-2668-4186-AE8E-6C71F1D7643B} = {687AEECC-40F3-47D1-A855-9E8468104156}
		{3B9C56EE-4673-4EFA-8280-16ABD4BC168C} = {687AEECC-40F3-47D1-A855-9E8468104156}
		{87C40391-CCD0-4F8C-BF04-B1D6A0F16342} = {2E487102-0F42-4A12-9A65-73975D0E2101}
		{AB1F46DB-E1DD-4F12-96C7-4797252C9A86} = {2E487102-0F42-4A12-9A65-73975D0E2101}
		{864AFC6F-E33A-4668-BDEF-F79A0CA10DD2} = {A03324FE-7D1E-4BBF-B508-3C8622642439}
		{494A706C-1D8C-4F0F-9544-F46F5F669F32} = {864AFC6F-E33A-4668-BDEF-F79A0CA10DD2}
		{ACE5686B-166E-4513-AC73-4D781CB5F49B} = {864AFC6F-E33A-4668-BDEF-F79A0CA10DD2}
		{379CE214-3D0D-41B3-BCE8-B17250E32F0A} = {F99A8E6A-9B08-460A-A6B1-F5A5B1212A47}
		{08FD64A8-7175-4710-A140-6CD9CE60D262} = {F99A8E6A-9B08-460A-A6B1-F5A5B1212A47}
		{C844E80A-7A4F-4CC2-8270-312091E14457} = {F99A8E6A-9B08-460A-A6B1-F5A5B1212A47}
		{9BED975A-C9EC-4A82-8711-0FA20BD1AE66} = {2E487102-0F42-4A12-9A65-73975D0E2101}
		{81E3734F-0B51-481F-91AA-4736CAAF4418} = {2E487102-0F42-4A12-9A65-73975D0E2101}
		{6638C98E-5C87-43BE-98E7-C5133281E1CE} = {A03324FE-7D1E-4BBF-B508-3C8622642439}
		{8FB4D169-52AB-41EC-BB91-8DF329A39BBE} = {872927F0-2440-4436-93AB-61CC1A15DF32}
		{2D6CEA77-F47C-474F-AB1C-7099000EB16B} = {6638C98E-5C87-43BE-98E7-C5133281E1CE}
		{9411E855-A7FD-48F5-8ABD-B5B705E9CE31} = {A03324FE-7D1E-4BBF-B508-3C8622642439}
		{BC192885-043F-411B-8C34-21AB2E1875EE} = {9411E855-A7FD-48F5-8ABD-B5B705E9CE31}
	EndGlobalSection
	GlobalSection(ExtensibilityGlobals) = postSolution
		SolutionGuid = {5ADAF21B-8ABE-480D-A237-BEF8ECCB8667}
	EndGlobalSection
EndGlobal
